
Microsoft Visual Studio Solution File, Format Version 12.00
# Visual Studio Version 17
VisualStudioVersion = 17.1.32414.318
MinimumVisualStudioVersion = 10.0.40219.1
Project("{FAE04EC0-301F-11D3-BF4B-00C04F79EFBC}") = "Training Records Management System", "Training Records Management System.csproj", "{45CEB35B-D412-4D98-96FE-9F1401F91A41}"
EndProject
Global
	GlobalSection(SolutionConfigurationPlatforms) = preSolution
		Debug|Any CPU = Debug|Any CPU
		Release|Any CPU = Release|Any CPU
	EndGlobalSection
	GlobalSection(ProjectConfigurationPlatforms) = postSolution
		{45CEB35B-D412-4D98-96FE-9F1401F91A41}.Debug|Any CPU.ActiveCfg = Debug|Any CPU
		{45CEB35B-D412-4D98-96FE-9F1401F91A41}.Debug|Any CPU.Build.0 = Debug|Any CPU
		{45CEB35B-D412-4D98-96FE-9F1401F91A41}.Release|Any CPU.ActiveCfg = Release|Any CPU
		{45CEB35B-D412-4D98-96FE-9F1401F91A41}.Release|Any CPU.Build.0 = Release|Any CPU
	EndGlobalSection
	GlobalSection(SolutionProperties) = preSolution
		HideSolutionNode = FALSE
	EndGlobalSection
	GlobalSection(ExtensibilityGlobals) = postSolution
		SolutionGuid = {5D06A0C8-CDB2-41E1-AC4D-CC40D7517065}
	EndGlobalSection
EndGlobal
